
Microsoft Visual Studio Solution File, Format Version 12.00
# Visual Studio 2013
VisualStudioVersion = 12.0.21005.1
MinimumVisualStudioVersion = 10.0.40219.1
Project("{FAE04EC0-301F-11D3-BF4B-00C04F79EFBC}") = "Rocks", "Rocks\Rocks.csproj", "{E0373177-BA84-4BF9-928A-0A1195DFE51A}"
EndProject
Global
	GlobalSection(SolutionConfigurationPlatforms) = preSolution
		Debug|Any CPU = Debug|Any CPU
		Release|Any CPU = Release|Any CPU
	EndGlobalSection
	GlobalSection(ProjectConfigurationPlatforms) = postSolution
		{E0373177-BA84-4BF9-928A-0A1195DFE51A}.Debug|Any CPU.ActiveCfg = Debug|Any CPU
		{E0373177-BA84-4BF9-928A-0A1195DFE51A}.Debug|Any CPU.Build.0 = Debug|Any CPU
		{E0373177-BA84-4BF9-928A-0A1195DFE51A}.Release|Any CPU.ActiveCfg = Release|Any CPU
		{E0373177-BA84-4BF9-928A-0A1195DFE51A}.Release|Any CPU.Build.0 = Release|Any CPU
	EndGlobalSection
	GlobalSection(SolutionProperties) = preSolution
		HideSolutionNode = FALSE
	EndGlobalSection
EndGlobal
